// !$*UTF8*$!
{
	archiveVersion = 1;
	classes = {
	};
	objectVersion = 56;
	objects = {

/* Begin PBXBuildFile section */
		4F1487882C99FBB800146C86 /* Thank_You_App.swift in Sources */ = {isa = PBXBuildFile; fileRef = 4F1487872C99FBB800146C86 /* Thank_You_App.swift */; };
		4F14878C2C99FBB900146C86 /* Assets.xcassets in Resources */ = {isa = PBXBuildFile; fileRef = 4F14878B2C99FBB900146C86 /* Assets.xcassets */; };
		4F14878F2C99FBB900146C86 /* Preview Assets.xcassets in Resources */ = {isa = PBXBuildFile; fileRef = 4F14878E2C99FBB900146C86 /* Preview Assets.xcassets */; };
		4F1487992C99FBB900146C86 /* Thank_You_Tests.swift in Sources */ = {isa = PBXBuildFile; fileRef = 4F1487982C99FBB900146C86 /* Thank_You_Tests.swift */; };
		4F1487A32C99FBB900146C86 /* Thank_You_UITests.swift in Sources */ = {isa = PBXBuildFile; fileRef = 4F1487A22C99FBB900146C86 /* Thank_You_UITests.swift */; };
		4F1487A52C99FBB900146C86 /* Thank_You_UITestsLaunchTests.swift in Sources */ = {isa = PBXBuildFile; fileRef = 4F1487A42C99FBB900146C86 /* Thank_You_UITestsLaunchTests.swift */; };
		4F1487B32C9A148400146C86 /* GoogleService-Info.plist in Resources */ = {isa = PBXBuildFile; fileRef = 4F1487B22C9A148400146C86 /* GoogleService-Info.plist */; };
		4F1487B52C9A158100146C86 /* FirebaseAnalytics in Frameworks */ = {isa = PBXBuildFile; productRef = 4F1487B42C9A158100146C86 /* FirebaseAnalytics */; };
		4F1487B72C9A158100146C86 /* FirebaseAnalyticsOnDeviceConversion in Frameworks */ = {isa = PBXBuildFile; productRef = 4F1487B62C9A158100146C86 /* FirebaseAnalyticsOnDeviceConversion */; };
		4F1487B92C9A158100146C86 /* FirebaseAnalyticsWithoutAdIdSupport in Frameworks */ = {isa = PBXBuildFile; productRef = 4F1487B82C9A158100146C86 /* FirebaseAnalyticsWithoutAdIdSupport */; };
		4F1487BB2C9A158100146C86 /* FirebaseAppCheck in Frameworks */ = {isa = PBXBuildFile; productRef = 4F1487BA2C9A158100146C86 /* FirebaseAppCheck */; };
		4F1487BD2C9A158100146C86 /* FirebaseAppDistribution-Beta in Frameworks */ = {isa = PBXBuildFile; productRef = 4F1487BC2C9A158100146C86 /* FirebaseAppDistribution-Beta */; };
		4F1487BF2C9A158100146C86 /* FirebaseAuth in Frameworks */ = {isa = PBXBuildFile; productRef = 4F1487BE2C9A158100146C86 /* FirebaseAuth */; };
		4F1487C12C9A158100146C86 /* FirebaseAuthCombine-Community in Frameworks */ = {isa = PBXBuildFile; productRef = 4F1487C02C9A158100146C86 /* FirebaseAuthCombine-Community */; };
		4F1487C32C9A158100146C86 /* FirebaseCrashlytics in Frameworks */ = {isa = PBXBuildFile; productRef = 4F1487C22C9A158100146C86 /* FirebaseCrashlytics */; };
		4F1487C52C9A158100146C86 /* FirebaseDatabase in Frameworks */ = {isa = PBXBuildFile; productRef = 4F1487C42C9A158100146C86 /* FirebaseDatabase */; };
		4F1487C72C9A158100146C86 /* FirebaseDynamicLinks in Frameworks */ = {isa = PBXBuildFile; productRef = 4F1487C62C9A158100146C86 /* FirebaseDynamicLinks */; };
		4F1487C92C9A158100146C86 /* FirebaseFirestore in Frameworks */ = {isa = PBXBuildFile; productRef = 4F1487C82C9A158100146C86 /* FirebaseFirestore */; };
		4F1487CB2C9A158100146C86 /* FirebaseFirestoreCombine-Community in Frameworks */ = {isa = PBXBuildFile; productRef = 4F1487CA2C9A158100146C86 /* FirebaseFirestoreCombine-Community */; };
		4F1487CD2C9A158100146C86 /* FirebaseFunctions in Frameworks */ = {isa = PBXBuildFile; productRef = 4F1487CC2C9A158100146C86 /* FirebaseFunctions */; };
		4F1487CF2C9A158100146C86 /* FirebaseFunctionsCombine-Community in Frameworks */ = {isa = PBXBuildFile; productRef = 4F1487CE2C9A158100146C86 /* FirebaseFunctionsCombine-Community */; };
		4F1487D12C9A158100146C86 /* FirebaseInAppMessaging-Beta in Frameworks */ = {isa = PBXBuildFile; productRef = 4F1487D02C9A158100146C86 /* FirebaseInAppMessaging-Beta */; };
		4F1487D32C9A158100146C86 /* FirebaseInstallations in Frameworks */ = {isa = PBXBuildFile; productRef = 4F1487D22C9A158100146C86 /* FirebaseInstallations */; };
		4F1487D52C9A158100146C86 /* FirebaseMLModelDownloader in Frameworks */ = {isa = PBXBuildFile; productRef = 4F1487D42C9A158100146C86 /* FirebaseMLModelDownloader */; };
		4F1487D72C9A158100146C86 /* FirebaseMessaging in Frameworks */ = {isa = PBXBuildFile; productRef = 4F1487D62C9A158100146C86 /* FirebaseMessaging */; };
		4F1487D92C9A158100146C86 /* FirebasePerformance in Frameworks */ = {isa = PBXBuildFile; productRef = 4F1487D82C9A158100146C86 /* FirebasePerformance */; };
		4F1487DE2C9A1BF000146C86 /* HomePage.swift in Sources */ = {isa = PBXBuildFile; fileRef = 4F1487DD2C9A1BF000146C86 /* HomePage.swift */; };
		4F1487E22C9A1C6C00146C86 /* MainPage.swift in Sources */ = {isa = PBXBuildFile; fileRef = 4F1487E12C9A1C6C00146C86 /* MainPage.swift */; };
		4F1487E42C9A1C9D00146C86 /* SignInView.swift in Sources */ = {isa = PBXBuildFile; fileRef = 4F1487E32C9A1C9D00146C86 /* SignInView.swift */; };
		4F1487E62C9A1CBB00146C86 /* RegisterView.swift in Sources */ = {isa = PBXBuildFile; fileRef = 4F1487E52C9A1CBB00146C86 /* RegisterView.swift */; };
		4F1487E82C9A1CEC00146C86 /* Help.swift in Sources */ = {isa = PBXBuildFile; fileRef = 4F1487E72C9A1CEC00146C86 /* Help.swift */; };
		4F1487EA2C9A1CFD00146C86 /* NeedHelp.swift in Sources */ = {isa = PBXBuildFile; fileRef = 4F1487E92C9A1CFD00146C86 /* NeedHelp.swift */; };
		4F1487EC2C9A1E2600146C86 /* Chats.swift in Sources */ = {isa = PBXBuildFile; fileRef = 4F1487EB2C9A1E2600146C86 /* Chats.swift */; };
		4F1487EE2C9A1F9900146C86 /* Profile.swift in Sources */ = {isa = PBXBuildFile; fileRef = 4F1487ED2C9A1F9900146C86 /* Profile.swift */; };
		4F1487F02C9A239D00146C86 /* UserViewModel.swift in Sources */ = {isa = PBXBuildFile; fileRef = 4F1487EF2C9A239D00146C86 /* UserViewModel.swift */; };
		4F1487F22C9A300D00146C86 /* ImagePicker.swift in Sources */ = {isa = PBXBuildFile; fileRef = 4F1487F12C9A300D00146C86 /* ImagePicker.swift */; };
		4FC8626B2C9B7DCC00034B7C /* ChatMessage.swift in Sources */ = {isa = PBXBuildFile; fileRef = 4FC8626A2C9B7DCC00034B7C /* ChatMessage.swift */; };
		4FC8626F2C9D269600034B7C /* ProfileViewed.swift in Sources */ = {isa = PBXBuildFile; fileRef = 4FC8626E2C9D269600034B7C /* ProfileViewed.swift */; };
		4FC862712C9D273700034B7C /* Settings.swift in Sources */ = {isa = PBXBuildFile; fileRef = 4FC862702C9D273700034B7C /* Settings.swift */; };
/* End PBXBuildFile section */

/* Begin PBXContainerItemProxy section */
		4F1487952C99FBB900146C86 /* PBXContainerItemProxy */ = {
			isa = PBXContainerItemProxy;
			containerPortal = 4F14877C2C99FBB800146C86 /* Project object */;
			proxyType = 1;
			remoteGlobalIDString = 4F1487832C99FBB800146C86;
			remoteInfo = "Thank You!";
		};
		4F14879F2C99FBB900146C86 /* PBXContainerItemProxy */ = {
			isa = PBXContainerItemProxy;
			containerPortal = 4F14877C2C99FBB800146C86 /* Project object */;
			proxyType = 1;
			remoteGlobalIDString = 4F1487832C99FBB800146C86;
			remoteInfo = "Thank You!";
		};
/* End PBXContainerItemProxy section */

/* Begin PBXFileReference section */
		4F1487842C99FBB800146C86 /* Thank You!.app */ = {isa = PBXFileReference; explicitFileType = wrapper.application; includeInIndex = 0; path = "Thank You!.app"; sourceTree = BUILT_PRODUCTS_DIR; };
		4F1487872C99FBB800146C86 /* Thank_You_App.swift */ = {isa = PBXFileReference; lastKnownFileType = sourcecode.swift; path = Thank_You_App.swift; sourceTree = "<group>"; };
		4F14878B2C99FBB900146C86 /* Assets.xcassets */ = {isa = PBXFileReference; lastKnownFileType = folder.assetcatalog; path = Assets.xcassets; sourceTree = "<group>"; };
		4F14878E2C99FBB900146C86 /* Preview Assets.xcassets */ = {isa = PBXFileReference; lastKnownFileType = folder.assetcatalog; path = "Preview Assets.xcassets"; sourceTree = "<group>"; };
		4F1487942C99FBB900146C86 /* Thank You!Tests.xctest */ = {isa = PBXFileReference; explicitFileType = wrapper.cfbundle; includeInIndex = 0; path = "Thank You!Tests.xctest"; sourceTree = BUILT_PRODUCTS_DIR; };
		4F1487982C99FBB900146C86 /* Thank_You_Tests.swift */ = {isa = PBXFileReference; lastKnownFileType = sourcecode.swift; path = Thank_You_Tests.swift; sourceTree = "<group>"; };
		4F14879E2C99FBB900146C86 /* Thank You!UITests.xctest */ = {isa = PBXFileReference; explicitFileType = wrapper.cfbundle; includeInIndex = 0; path = "Thank You!UITests.xctest"; sourceTree = BUILT_PRODUCTS_DIR; };
		4F1487A22C99FBB900146C86 /* Thank_You_UITests.swift */ = {isa = PBXFileReference; lastKnownFileType = sourcecode.swift; path = Thank_You_UITests.swift; sourceTree = "<group>"; };
		4F1487A42C99FBB900146C86 /* Thank_You_UITestsLaunchTests.swift */ = {isa = PBXFileReference; lastKnownFileType = sourcecode.swift; path = Thank_You_UITestsLaunchTests.swift; sourceTree = "<group>"; };
		4F1487B22C9A148400146C86 /* GoogleService-Info.plist */ = {isa = PBXFileReference; fileEncoding = 4; lastKnownFileType = text.plist.xml; path = "GoogleService-Info.plist"; sourceTree = "<group>"; };
		4F1487DD2C9A1BF000146C86 /* HomePage.swift */ = {isa = PBXFileReference; lastKnownFileType = sourcecode.swift; path = HomePage.swift; sourceTree = "<group>"; };
		4F1487E12C9A1C6C00146C86 /* MainPage.swift */ = {isa = PBXFileReference; lastKnownFileType = sourcecode.swift; path = MainPage.swift; sourceTree = "<group>"; };
		4F1487E32C9A1C9D00146C86 /* SignInView.swift */ = {isa = PBXFileReference; lastKnownFileType = sourcecode.swift; path = SignInView.swift; sourceTree = "<group>"; };
		4F1487E52C9A1CBB00146C86 /* RegisterView.swift */ = {isa = PBXFileReference; lastKnownFileType = sourcecode.swift; path = RegisterView.swift; sourceTree = "<group>"; };
		4F1487E72C9A1CEC00146C86 /* Help.swift */ = {isa = PBXFileReference; lastKnownFileType = sourcecode.swift; path = Help.swift; sourceTree = "<group>"; };
		4F1487E92C9A1CFD00146C86 /* NeedHelp.swift */ = {isa = PBXFileReference; lastKnownFileType = sourcecode.swift; path = NeedHelp.swift; sourceTree = "<group>"; };
		4F1487EB2C9A1E2600146C86 /* Chats.swift */ = {isa = PBXFileReference; lastKnownFileType = sourcecode.swift; path = Chats.swift; sourceTree = "<group>"; };
		4F1487ED2C9A1F9900146C86 /* Profile.swift */ = {isa = PBXFileReference; lastKnownFileType = sourcecode.swift; path = Profile.swift; sourceTree = "<group>"; };
		4F1487EF2C9A239D00146C86 /* UserViewModel.swift */ = {isa = PBXFileReference; lastKnownFileType = sourcecode.swift; path = UserViewModel.swift; sourceTree = "<group>"; };
		4F1487F12C9A300D00146C86 /* ImagePicker.swift */ = {isa = PBXFileReference; lastKnownFileType = sourcecode.swift; path = ImagePicker.swift; sourceTree = "<group>"; };
		4FC8626A2C9B7DCC00034B7C /* ChatMessage.swift */ = {isa = PBXFileReference; lastKnownFileType = sourcecode.swift; path = ChatMessage.swift; sourceTree = "<group>"; };
		4FC8626E2C9D269600034B7C /* ProfileViewed.swift */ = {isa = PBXFileReference; lastKnownFileType = sourcecode.swift; path = ProfileViewed.swift; sourceTree = "<group>"; };
		4FC862702C9D273700034B7C /* Settings.swift */ = {isa = PBXFileReference; lastKnownFileType = sourcecode.swift; path = Settings.swift; sourceTree = "<group>"; };
/* End PBXFileReference section */

/* Begin PBXFrameworksBuildPhase section */
		4F1487812C99FBB800146C86 /* Frameworks */ = {
			isa = PBXFrameworksBuildPhase;
			buildActionMask = 2147483647;
			files = (
				4F1487D72C9A158100146C86 /* FirebaseMessaging in Frameworks */,
				4F1487D52C9A158100146C86 /* FirebaseMLModelDownloader in Frameworks */,
				4F1487BB2C9A158100146C86 /* FirebaseAppCheck in Frameworks */,
				4F1487BF2C9A158100146C86 /* FirebaseAuth in Frameworks */,
				4F1487B52C9A158100146C86 /* FirebaseAnalytics in Frameworks */,
				4F1487BD2C9A158100146C86 /* FirebaseAppDistribution-Beta in Frameworks */,
				4F1487B92C9A158100146C86 /* FirebaseAnalyticsWithoutAdIdSupport in Frameworks */,
				4F1487C32C9A158100146C86 /* FirebaseCrashlytics in Frameworks */,
				4F1487C52C9A158100146C86 /* FirebaseDatabase in Frameworks */,
				4F1487CF2C9A158100146C86 /* FirebaseFunctionsCombine-Community in Frameworks */,
				4F1487C12C9A158100146C86 /* FirebaseAuthCombine-Community in Frameworks */,
				4F1487B72C9A158100146C86 /* FirebaseAnalyticsOnDeviceConversion in Frameworks */,
				4F1487CD2C9A158100146C86 /* FirebaseFunctions in Frameworks */,
				4F1487D32C9A158100146C86 /* FirebaseInstallations in Frameworks */,
				4F1487D92C9A158100146C86 /* FirebasePerformance in Frameworks */,
				4F1487CB2C9A158100146C86 /* FirebaseFirestoreCombine-Community in Frameworks */,
				4F1487C92C9A158100146C86 /* FirebaseFirestore in Frameworks */,
				4F1487C72C9A158100146C86 /* FirebaseDynamicLinks in Frameworks */,
				4F1487D12C9A158100146C86 /* FirebaseInAppMessaging-Beta in Frameworks */,
			);
			runOnlyForDeploymentPostprocessing = 0;
		};
		4F1487912C99FBB900146C86 /* Frameworks */ = {
			isa = PBXFrameworksBuildPhase;
			buildActionMask = 2147483647;
			files = (
			);
			runOnlyForDeploymentPostprocessing = 0;
		};
		4F14879B2C99FBB900146C86 /* Frameworks */ = {
			isa = PBXFrameworksBuildPhase;
			buildActionMask = 2147483647;
			files = (
			);
			runOnlyForDeploymentPostprocessing = 0;
		};
/* End PBXFrameworksBuildPhase section */

/* Begin PBXGroup section */
		4F14877B2C99FBB800146C86 = {
			isa = PBXGroup;
			children = (
				4F1487862C99FBB800146C86 /* Thank You! */,
				4F1487972C99FBB900146C86 /* Thank You!Tests */,
				4F1487A12C99FBB900146C86 /* Thank You!UITests */,
				4F1487852C99FBB800146C86 /* Products */,
			);
			sourceTree = "<group>";
		};
		4F1487852C99FBB800146C86 /* Products */ = {
			isa = PBXGroup;
			children = (
				4F1487842C99FBB800146C86 /* Thank You!.app */,
				4F1487942C99FBB900146C86 /* Thank You!Tests.xctest */,
				4F14879E2C99FBB900146C86 /* Thank You!UITests.xctest */,
			);
			name = Products;
			sourceTree = "<group>";
		};
		4F1487862C99FBB800146C86 /* Thank You! */ = {
			isa = PBXGroup;
			children = (
				4F1487B22C9A148400146C86 /* GoogleService-Info.plist */,
				4F1487872C99FBB800146C86 /* Thank_You_App.swift */,
				4F1487E12C9A1C6C00146C86 /* MainPage.swift */,
				4F1487EF2C9A239D00146C86 /* UserViewModel.swift */,
				4F1487E32C9A1C9D00146C86 /* SignInView.swift */,
				4F1487E52C9A1CBB00146C86 /* RegisterView.swift */,
				4F1487F12C9A300D00146C86 /* ImagePicker.swift */,
				4F1487DD2C9A1BF000146C86 /* HomePage.swift */,
				4F1487E92C9A1CFD00146C86 /* NeedHelp.swift */,
				4F1487E72C9A1CEC00146C86 /* Help.swift */,
				4F1487EB2C9A1E2600146C86 /* Chats.swift */,
				4FC8626A2C9B7DCC00034B7C /* ChatMessage.swift */,
				4F1487ED2C9A1F9900146C86 /* Profile.swift */,
				4FC8626E2C9D269600034B7C /* ProfileViewed.swift */,
				4FC862702C9D273700034B7C /* Settings.swift */,
				4F14878B2C99FBB900146C86 /* Assets.xcassets */,
				4F14878D2C99FBB900146C86 /* Preview Content */,
			);
			path = "Thank You!";
			sourceTree = "<group>";
		};
		4F14878D2C99FBB900146C86 /* Preview Content */ = {
			isa = PBXGroup;
			children = (
				4F14878E2C99FBB900146C86 /* Preview Assets.xcassets */,
			);
			path = "Preview Content";
			sourceTree = "<group>";
		};
		4F1487972C99FBB900146C86 /* Thank You!Tests */ = {
			isa = PBXGroup;
			children = (
				4F1487982C99FBB900146C86 /* Thank_You_Tests.swift */,
			);
			path = "Thank You!Tests";
			sourceTree = "<group>";
		};
		4F1487A12C99FBB900146C86 /* Thank You!UITests */ = {
			isa = PBXGroup;
			children = (
				4F1487A22C99FBB900146C86 /* Thank_You_UITests.swift */,
				4F1487A42C99FBB900146C86 /* Thank_You_UITestsLaunchTests.swift */,
			);
			path = "Thank You!UITests";
			sourceTree = "<group>";
		};
/* End PBXGroup section */

/* Begin PBXNativeTarget section */
		4F1487832C99FBB800146C86 /* Thank You! */ = {
			isa = PBXNativeTarget;
			buildConfigurationList = 4F1487A82C99FBB900146C86 /* Build configuration list for PBXNativeTarget "Thank You!" */;
			buildPhases = (
				4F1487802C99FBB800146C86 /* Sources */,
				4F1487812C99FBB800146C86 /* Frameworks */,
				4F1487822C99FBB800146C86 /* Resources */,
			);
			buildRules = (
			);
			dependencies = (
			);
			name = "Thank You!";
			packageProductDependencies = (
				4F1487B42C9A158100146C86 /* FirebaseAnalytics */,
				4F1487B62C9A158100146C86 /* FirebaseAnalyticsOnDeviceConversion */,
				4F1487B82C9A158100146C86 /* FirebaseAnalyticsWithoutAdIdSupport */,
				4F1487BA2C9A158100146C86 /* FirebaseAppCheck */,
				4F1487BC2C9A158100146C86 /* FirebaseAppDistribution-Beta */,
				4F1487BE2C9A158100146C86 /* FirebaseAuth */,
				4F1487C02C9A158100146C86 /* FirebaseAuthCombine-Community */,
				4F1487C22C9A158100146C86 /* FirebaseCrashlytics */,
				4F1487C42C9A158100146C86 /* FirebaseDatabase */,
				4F1487C62C9A158100146C86 /* FirebaseDynamicLinks */,
				4F1487C82C9A158100146C86 /* FirebaseFirestore */,
				4F1487CA2C9A158100146C86 /* FirebaseFirestoreCombine-Community */,
				4F1487CC2C9A158100146C86 /* FirebaseFunctions */,
				4F1487CE2C9A158100146C86 /* FirebaseFunctionsCombine-Community */,
				4F1487D02C9A158100146C86 /* FirebaseInAppMessaging-Beta */,
				4F1487D22C9A158100146C86 /* FirebaseInstallations */,
				4F1487D42C9A158100146C86 /* FirebaseMLModelDownloader */,
				4F1487D62C9A158100146C86 /* FirebaseMessaging */,
				4F1487D82C9A158100146C86 /* FirebasePerformance */,
			);
			productName = "Thank You!";
			productReference = 4F1487842C99FBB800146C86 /* Thank You!.app */;
			productType = "com.apple.product-type.application";
		};
		4F1487932C99FBB900146C86 /* Thank You!Tests */ = {
			isa = PBXNativeTarget;
			buildConfigurationList = 4F1487AB2C99FBB900146C86 /* Build configuration list for PBXNativeTarget "Thank You!Tests" */;
			buildPhases = (
				4F1487902C99FBB900146C86 /* Sources */,
				4F1487912C99FBB900146C86 /* Frameworks */,
				4F1487922C99FBB900146C86 /* Resources */,
			);
			buildRules = (
			);
			dependencies = (
				4F1487962C99FBB900146C86 /* PBXTargetDependency */,
			);
			name = "Thank You!Tests";
			productName = "Thank You!Tests";
			productReference = 4F1487942C99FBB900146C86 /* Thank You!Tests.xctest */;
			productType = "com.apple.product-type.bundle.unit-test";
		};
		4F14879D2C99FBB900146C86 /* Thank You!UITests */ = {
			isa = PBXNativeTarget;
			buildConfigurationList = 4F1487AE2C99FBB900146C86 /* Build configuration list for PBXNativeTarget "Thank You!UITests" */;
			buildPhases = (
				4F14879A2C99FBB900146C86 /* Sources */,
				4F14879B2C99FBB900146C86 /* Frameworks */,
				4F14879C2C99FBB900146C86 /* Resources */,
			);
			buildRules = (
			);
			dependencies = (
				4F1487A02C99FBB900146C86 /* PBXTargetDependency */,
			);
			name = "Thank You!UITests";
			productName = "Thank You!UITests";
			productReference = 4F14879E2C99FBB900146C86 /* Thank You!UITests.xctest */;
			productType = "com.apple.product-type.bundle.ui-testing";
		};
/* End PBXNativeTarget section */

/* Begin PBXProject section */
		4F14877C2C99FBB800146C86 /* Project object */ = {
			isa = PBXProject;
			attributes = {
				BuildIndependentTargetsInParallel = 1;
				LastSwiftUpdateCheck = 1540;
				LastUpgradeCheck = 1540;
				TargetAttributes = {
					4F1487832C99FBB800146C86 = {
						CreatedOnToolsVersion = 15.4;
					};
					4F1487932C99FBB900146C86 = {
						CreatedOnToolsVersion = 15.4;
						TestTargetID = 4F1487832C99FBB800146C86;
					};
					4F14879D2C99FBB900146C86 = {
						CreatedOnToolsVersion = 15.4;
						TestTargetID = 4F1487832C99FBB800146C86;
					};
				};
			};
			buildConfigurationList = 4F14877F2C99FBB800146C86 /* Build configuration list for PBXProject "Thank You!" */;
			compatibilityVersion = "Xcode 14.0";
			developmentRegion = en;
			hasScannedForEncodings = 0;
			knownRegions = (
				en,
				Base,
			);
			mainGroup = 4F14877B2C99FBB800146C86;
			packageReferences = (
				4F1487B12C9A0C3C00146C86 /* XCRemoteSwiftPackageReference "firebase-ios-sdk" */,
			);
			productRefGroup = 4F1487852C99FBB800146C86 /* Products */;
			projectDirPath = "";
			projectRoot = "";
			targets = (
				4F1487832C99FBB800146C86 /* Thank You! */,
				4F1487932C99FBB900146C86 /* Thank You!Tests */,
				4F14879D2C99FBB900146C86 /* Thank You!UITests */,
			);
		};
/* End PBXProject section */

/* Begin PBXResourcesBuildPhase section */
		4F1487822C99FBB800146C86 /* Resources */ = {
			isa = PBXResourcesBuildPhase;
			buildActionMask = 2147483647;
			files = (
				4F14878F2C99FBB900146C86 /* Preview Assets.xcassets in Resources */,
				4F14878C2C99FBB900146C86 /* Assets.xcassets in Resources */,
				4F1487B32C9A148400146C86 /* GoogleService-Info.plist in Resources */,
			);
			runOnlyForDeploymentPostprocessing = 0;
		};
		4F1487922C99FBB900146C86 /* Resources */ = {
			isa = PBXResourcesBuildPhase;
			buildActionMask = 2147483647;
			files = (
			);
			runOnlyForDeploymentPostprocessing = 0;
		};
		4F14879C2C99FBB900146C86 /* Resources */ = {
			isa = PBXResourcesBuildPhase;
			buildActionMask = 2147483647;
			files = (
			);
			runOnlyForDeploymentPostprocessing = 0;
		};
/* End PBXResourcesBuildPhase section */

/* Begin PBXSourcesBuildPhase section */
		4F1487802C99FBB800146C86 /* Sources */ = {
			isa = PBXSourcesBuildPhase;
			buildActionMask = 2147483647;
			files = (
				4F1487E82C9A1CEC00146C86 /* Help.swift in Sources */,
				4F1487DE2C9A1BF000146C86 /* HomePage.swift in Sources */,
				4F1487882C99FBB800146C86 /* Thank_You_App.swift in Sources */,
				4F1487F02C9A239D00146C86 /* UserViewModel.swift in Sources */,
				4FC862712C9D273700034B7C /* Settings.swift in Sources */,
				4F1487E62C9A1CBB00146C86 /* RegisterView.swift in Sources */,
				4F1487E22C9A1C6C00146C86 /* MainPage.swift in Sources */,
				4F1487EA2C9A1CFD00146C86 /* NeedHelp.swift in Sources */,
				4F1487F22C9A300D00146C86 /* ImagePicker.swift in Sources */,
				4F1487E42C9A1C9D00146C86 /* SignInView.swift in Sources */,
				4FC8626B2C9B7DCC00034B7C /* ChatMessage.swift in Sources */,
				4F1487EE2C9A1F9900146C86 /* Profile.swift in Sources */,
				4F1487EC2C9A1E2600146C86 /* Chats.swift in Sources */,
				4FC8626F2C9D269600034B7C /* ProfileViewed.swift in Sources */,
			);
			runOnlyForDeploymentPostprocessing = 0;
		};
		4F1487902C99FBB900146C86 /* Sources */ = {
			isa = PBXSourcesBuildPhase;
			buildActionMask = 2147483647;
			files = (
				4F1487992C99FBB900146C86 /* Thank_You_Tests.swift in Sources */,
			);
			runOnlyForDeploymentPostprocessing = 0;
		};
		4F14879A2C99FBB900146C86 /* Sources */ = {
			isa = PBXSourcesBuildPhase;
			buildActionMask = 2147483647;
			files = (
				4F1487A32C99FBB900146C86 /* Thank_You_UITests.swift in Sources */,
				4F1487A52C99FBB900146C86 /* Thank_You_UITestsLaunchTests.swift in Sources */,
			);
			runOnlyForDeploymentPostprocessing = 0;
		};
/* End PBXSourcesBuildPhase section */

/* Begin PBXTargetDependency section */
		4F1487962C99FBB900146C86 /* PBXTargetDependency */ = {
			isa = PBXTargetDependency;
			target = 4F1487832C99FBB800146C86 /* Thank You! */;
			targetProxy = 4F1487952C99FBB900146C86 /* PBXContainerItemProxy */;
		};
		4F1487A02C99FBB900146C86 /* PBXTargetDependency */ = {
			isa = PBXTargetDependency;
			target = 4F1487832C99FBB800146C86 /* Thank You! */;
			targetProxy = 4F14879F2C99FBB900146C86 /* PBXContainerItemProxy */;
		};
/* End PBXTargetDependency section */

/* Begin XCBuildConfiguration section */
		4F1487A62C99FBB900146C86 /* Debug */ = {
			isa = XCBuildConfiguration;
			buildSettings = {
				ALWAYS_SEARCH_USER_PATHS = NO;
				ASSETCATALOG_COMPILER_GENERATE_SWIFT_ASSET_SYMBOL_EXTENSIONS = YES;
				CLANG_ANALYZER_NONNULL = YES;
				CLANG_ANALYZER_NUMBER_OBJECT_CONVERSION = YES_AGGRESSIVE;
				CLANG_CXX_LANGUAGE_STANDARD = "gnu++20";
				CLANG_ENABLE_MODULES = YES;
				CLANG_ENABLE_OBJC_ARC = YES;
				CLANG_ENABLE_OBJC_WEAK = YES;
				CLANG_WARN_BLOCK_CAPTURE_AUTORELEASING = YES;
				CLANG_WARN_BOOL_CONVERSION = YES;
				CLANG_WARN_COMMA = YES;
				CLANG_WARN_CONSTANT_CONVERSION = YES;
				CLANG_WARN_DEPRECATED_OBJC_IMPLEMENTATIONS = YES;
				CLANG_WARN_DIRECT_OBJC_ISA_USAGE = YES_ERROR;
				CLANG_WARN_DOCUMENTATION_COMMENTS = YES;
				CLANG_WARN_EMPTY_BODY = YES;
				CLANG_WARN_ENUM_CONVERSION = YES;
				CLANG_WARN_INFINITE_RECURSION = YES;
				CLANG_WARN_INT_CONVERSION = YES;
				CLANG_WARN_NON_LITERAL_NULL_CONVERSION = YES;
				CLANG_WARN_OBJC_IMPLICIT_RETAIN_SELF = YES;
				CLANG_WARN_OBJC_LITERAL_CONVERSION = YES;
				CLANG_WARN_OBJC_ROOT_CLASS = YES_ERROR;
				CLANG_WARN_QUOTED_INCLUDE_IN_FRAMEWORK_HEADER = YES;
				CLANG_WARN_RANGE_LOOP_ANALYSIS = YES;
				CLANG_WARN_STRICT_PROTOTYPES = YES;
				CLANG_WARN_SUSPICIOUS_MOVE = YES;
				CLANG_WARN_UNGUARDED_AVAILABILITY = YES_AGGRESSIVE;
				CLANG_WARN_UNREACHABLE_CODE = YES;
				CLANG_WARN__DUPLICATE_METHOD_MATCH = YES;
				COPY_PHASE_STRIP = NO;
				DEBUG_INFORMATION_FORMAT = dwarf;
				ENABLE_STRICT_OBJC_MSGSEND = YES;
				ENABLE_TESTABILITY = YES;
				ENABLE_USER_SCRIPT_SANDBOXING = YES;
				GCC_C_LANGUAGE_STANDARD = gnu17;
				GCC_DYNAMIC_NO_PIC = NO;
				GCC_NO_COMMON_BLOCKS = YES;
				GCC_OPTIMIZATION_LEVEL = 0;
				GCC_PREPROCESSOR_DEFINITIONS = (
					"DEBUG=1",
					"$(inherited)",
				);
				GCC_WARN_64_TO_32_BIT_CONVERSION = YES;
				GCC_WARN_ABOUT_RETURN_TYPE = YES_ERROR;
				GCC_WARN_UNDECLARED_SELECTOR = YES;
				GCC_WARN_UNINITIALIZED_AUTOS = YES_AGGRESSIVE;
				GCC_WARN_UNUSED_FUNCTION = YES;
				GCC_WARN_UNUSED_VARIABLE = YES;
				IPHONEOS_DEPLOYMENT_TARGET = 17.5;
				LOCALIZATION_PREFERS_STRING_CATALOGS = YES;
				MTL_ENABLE_DEBUG_INFO = INCLUDE_SOURCE;
				MTL_FAST_MATH = YES;
				ONLY_ACTIVE_ARCH = YES;
				SDKROOT = iphoneos;
				SWIFT_ACTIVE_COMPILATION_CONDITIONS = "DEBUG $(inherited)";
				SWIFT_OPTIMIZATION_LEVEL = "-Onone";
			};
			name = Debug;
		};
		4F1487A72C99FBB900146C86 /* Release */ = {
			isa = XCBuildConfiguration;
			buildSettings = {
				ALWAYS_SEARCH_USER_PATHS = NO;
				ASSETCATALOG_COMPILER_GENERATE_SWIFT_ASSET_SYMBOL_EXTENSIONS = YES;
				CLANG_ANALYZER_NONNULL = YES;
				CLANG_ANALYZER_NUMBER_OBJECT_CONVERSION = YES_AGGRESSIVE;
				CLANG_CXX_LANGUAGE_STANDARD = "gnu++20";
				CLANG_ENABLE_MODULES = YES;
				CLANG_ENABLE_OBJC_ARC = YES;
				CLANG_ENABLE_OBJC_WEAK = YES;
				CLANG_WARN_BLOCK_CAPTURE_AUTORELEASING = YES;
				CLANG_WARN_BOOL_CONVERSION = YES;
				CLANG_WARN_COMMA = YES;
				CLANG_WARN_CONSTANT_CONVERSION = YES;
				CLANG_WARN_DEPRECATED_OBJC_IMPLEMENTATIONS = YES;
				CLANG_WARN_DIRECT_OBJC_ISA_USAGE = YES_ERROR;
				CLANG_WARN_DOCUMENTATION_COMMENTS = YES;
				CLANG_WARN_EMPTY_BODY = YES;
				CLANG_WARN_ENUM_CONVERSION = YES;
				CLANG_WARN_INFINITE_RECURSION = YES;
				CLANG_WARN_INT_CONVERSION = YES;
				CLANG_WARN_NON_LITERAL_NULL_CONVERSION = YES;
				CLANG_WARN_OBJC_IMPLICIT_RETAIN_SELF = YES;
				CLANG_WARN_OBJC_LITERAL_CONVERSION = YES;
				CLANG_WARN_OBJC_ROOT_CLASS = YES_ERROR;
				CLANG_WARN_QUOTED_INCLUDE_IN_FRAMEWORK_HEADER = YES;
				CLANG_WARN_RANGE_LOOP_ANALYSIS = YES;
				CLANG_WARN_STRICT_PROTOTYPES = YES;
				CLANG_WARN_SUSPICIOUS_MOVE = YES;
				CLANG_WARN_UNGUARDED_AVAILABILITY = YES_AGGRESSIVE;
				CLANG_WARN_UNREACHABLE_CODE = YES;
				CLANG_WARN__DUPLICATE_METHOD_MATCH = YES;
				COPY_PHASE_STRIP = NO;
				DEBUG_INFORMATION_FORMAT = "dwarf-with-dsym";
				ENABLE_NS_ASSERTIONS = NO;
				ENABLE_STRICT_OBJC_MSGSEND = YES;
				ENABLE_USER_SCRIPT_SANDBOXING = YES;
				GCC_C_LANGUAGE_STANDARD = gnu17;
				GCC_NO_COMMON_BLOCKS = YES;
				GCC_WARN_64_TO_32_BIT_CONVERSION = YES;
				GCC_WARN_ABOUT_RETURN_TYPE = YES_ERROR;
				GCC_WARN_UNDECLARED_SELECTOR = YES;
				GCC_WARN_UNINITIALIZED_AUTOS = YES_AGGRESSIVE;
				GCC_WARN_UNUSED_FUNCTION = YES;
				GCC_WARN_UNUSED_VARIABLE = YES;
				IPHONEOS_DEPLOYMENT_TARGET = 17.5;
				LOCALIZATION_PREFERS_STRING_CATALOGS = YES;
				MTL_ENABLE_DEBUG_INFO = NO;
				MTL_FAST_MATH = YES;
				SDKROOT = iphoneos;
				SWIFT_COMPILATION_MODE = wholemodule;
				VALIDATE_PRODUCT = YES;
			};
			name = Release;
		};
		4F1487A92C99FBB900146C86 /* Debug */ = {
			isa = XCBuildConfiguration;
			buildSettings = {
				ASSETCATALOG_COMPILER_APPICON_NAME = AppIcon;
				ASSETCATALOG_COMPILER_GLOBAL_ACCENT_COLOR_NAME = AccentColor;
				CODE_SIGN_STYLE = Automatic;
				CURRENT_PROJECT_VERSION = 1;
				DEVELOPMENT_ASSET_PATHS = "\"Thank You!/Preview Content\"";
				ENABLE_PREVIEWS = YES;
				GENERATE_INFOPLIST_FILE = YES;
				INFOPLIST_KEY_UIApplicationSceneManifest_Generation = YES;
				INFOPLIST_KEY_UIApplicationSupportsIndirectInputEvents = YES;
				INFOPLIST_KEY_UILaunchScreen_Generation = YES;
				INFOPLIST_KEY_UISupportedInterfaceOrientations_iPad = "UIInterfaceOrientationPortrait UIInterfaceOrientationPortraitUpsideDown UIInterfaceOrientationLandscapeLeft UIInterfaceOrientationLandscapeRight";
				INFOPLIST_KEY_UISupportedInterfaceOrientations_iPhone = "UIInterfaceOrientationPortrait UIInterfaceOrientationLandscapeLeft UIInterfaceOrientationLandscapeRight";
				LD_RUNPATH_SEARCH_PATHS = (
					"$(inherited)",
					"@executable_path/Frameworks",
				);
				MARKETING_VERSION = 1.0;
				PRODUCT_BUNDLE_IDENTIFIER = "App.Thank-You-";
				PRODUCT_NAME = "$(TARGET_NAME)";
				SWIFT_EMIT_LOC_STRINGS = YES;
				SWIFT_VERSION = 5.0;
				TARGETED_DEVICE_FAMILY = "1,2";
			};
			name = Debug;
		};
		4F1487AA2C99FBB900146C86 /* Release */ = {
			isa = XCBuildConfiguration;
			buildSettings = {
				ASSETCATALOG_COMPILER_APPICON_NAME = AppIcon;
				ASSETCATALOG_COMPILER_GLOBAL_ACCENT_COLOR_NAME = AccentColor;
				CODE_SIGN_STYLE = Automatic;
				CURRENT_PROJECT_VERSION = 1;
				DEVELOPMENT_ASSET_PATHS = "\"Thank You!/Preview Content\"";
				ENABLE_PREVIEWS = YES;
				GENERATE_INFOPLIST_FILE = YES;
				INFOPLIST_KEY_UIApplicationSceneManifest_Generation = YES;
				INFOPLIST_KEY_UIApplicationSupportsIndirectInputEvents = YES;
				INFOPLIST_KEY_UILaunchScreen_Generation = YES;
				INFOPLIST_KEY_UISupportedInterfaceOrientations_iPad = "UIInterfaceOrientationPortrait UIInterfaceOrientationPortraitUpsideDown UIInterfaceOrientationLandscapeLeft UIInterfaceOrientationLandscapeRight";
				INFOPLIST_KEY_UISupportedInterfaceOrientations_iPhone = "UIInterfaceOrientationPortrait UIInterfaceOrientationLandscapeLeft UIInterfaceOrientationLandscapeRight";
				LD_RUNPATH_SEARCH_PATHS = (
					"$(inherited)",
					"@executable_path/Frameworks",
				);
				MARKETING_VERSION = 1.0;
				PRODUCT_BUNDLE_IDENTIFIER = "App.Thank-You-";
				PRODUCT_NAME = "$(TARGET_NAME)";
				SWIFT_EMIT_LOC_STRINGS = YES;
				SWIFT_VERSION = 5.0;
				TARGETED_DEVICE_FAMILY = "1,2";
			};
			name = Release;
		};
		4F1487AC2C99FBB900146C86 /* Debug */ = {
			isa = XCBuildConfiguration;
			buildSettings = {
				ALWAYS_EMBED_SWIFT_STANDARD_LIBRARIES = YES;
				BUNDLE_LOADER = "$(TEST_HOST)";
				CODE_SIGN_STYLE = Automatic;
				CURRENT_PROJECT_VERSION = 1;
				GENERATE_INFOPLIST_FILE = YES;
				IPHONEOS_DEPLOYMENT_TARGET = 17.5;
				MARKETING_VERSION = 1.0;
				PRODUCT_BUNDLE_IDENTIFIER = "App.Thank-You-Tests";
				PRODUCT_NAME = "$(TARGET_NAME)";
				SWIFT_EMIT_LOC_STRINGS = NO;
				SWIFT_VERSION = 5.0;
				TARGETED_DEVICE_FAMILY = "1,2";
				TEST_HOST = "$(BUILT_PRODUCTS_DIR)/Thank You!.app/$(BUNDLE_EXECUTABLE_FOLDER_PATH)/Thank You!";
			};
			name = Debug;
		};
		4F1487AD2C99FBB900146C86 /* Release */ = {
			isa = XCBuildConfiguration;
			buildSettings = {
				ALWAYS_EMBED_SWIFT_STANDARD_LIBRARIES = YES;
				BUNDLE_LOADER = "$(TEST_HOST)";
				CODE_SIGN_STYLE = Automatic;
				CURRENT_PROJECT_VERSION = 1;
				GENERATE_INFOPLIST_FILE = YES;
				IPHONEOS_DEPLOYMENT_TARGET = 17.5;
				MARKETING_VERSION = 1.0;
				PRODUCT_BUNDLE_IDENTIFIER = "App.Thank-You-Tests";
				PRODUCT_NAME = "$(TARGET_NAME)";
				SWIFT_EMIT_LOC_STRINGS = NO;
				SWIFT_VERSION = 5.0;
				TARGETED_DEVICE_FAMILY = "1,2";
				TEST_HOST = "$(BUILT_PRODUCTS_DIR)/Thank You!.app/$(BUNDLE_EXECUTABLE_FOLDER_PATH)/Thank You!";
			};
			name = Release;
		};
		4F1487AF2C99FBB900146C86 /* Debug */ = {
			isa = XCBuildConfiguration;
			buildSettings = {
				ALWAYS_EMBED_SWIFT_STANDARD_LIBRARIES = YES;
				CODE_SIGN_STYLE = Automatic;
				CURRENT_PROJECT_VERSION = 1;
				GENERATE_INFOPLIST_FILE = YES;
				MARKETING_VERSION = 1.0;
				PRODUCT_BUNDLE_IDENTIFIER = "App.Thank-You-UITests";
				PRODUCT_NAME = "$(TARGET_NAME)";
				SWIFT_EMIT_LOC_STRINGS = NO;
				SWIFT_VERSION = 5.0;
				TARGETED_DEVICE_FAMILY = "1,2";
				TEST_TARGET_NAME = "Thank You!";
			};
			name = Debug;
		};
		4F1487B02C99FBB900146C86 /* Release */ = {
			isa = XCBuildConfiguration;
			buildSettings = {
				ALWAYS_EMBED_SWIFT_STANDARD_LIBRARIES = YES;
				CODE_SIGN_STYLE = Automatic;
				CURRENT_PROJECT_VERSION = 1;
				GENERATE_INFOPLIST_FILE = YES;
				MARKETING_VERSION = 1.0;
				PRODUCT_BUNDLE_IDENTIFIER = "App.Thank-You-UITests";
				PRODUCT_NAME = "$(TARGET_NAME)";
				SWIFT_EMIT_LOC_STRINGS = NO;
				SWIFT_VERSION = 5.0;
				TARGETED_DEVICE_FAMILY = "1,2";
				TEST_TARGET_NAME = "Thank You!";
			};
			name = Release;
		};
/* End XCBuildConfiguration section */

/* Begin XCConfigurationList section */
		4F14877F2C99FBB800146C86 /* Build configuration list for PBXProject "Thank You!" */ = {
			isa = XCConfigurationList;
			buildConfigurations = (
				4F1487A62C99FBB900146C86 /* Debug */,
				4F1487A72C99FBB900146C86 /* Release */,
			);
			defaultConfigurationIsVisible = 0;
			defaultConfigurationName = Release;
		};
		4F1487A82C99FBB900146C86 /* Build configuration list for PBXNativeTarget "Thank You!" */ = {
			isa = XCConfigurationList;
			buildConfigurations = (
				4F1487A92C99FBB900146C86 /* Debug */,
				4F1487AA2C99FBB900146C86 /* Release */,
			);
			defaultConfigurationIsVisible = 0;
			defaultConfigurationName = Release;
		};
		4F1487AB2C99FBB900146C86 /* Build configuration list for PBXNativeTarget "Thank You!Tests" */ = {
			isa = XCConfigurationList;
			buildConfigurations = (
				4F1487AC2C99FBB900146C86 /* Debug */,
				4F1487AD2C99FBB900146C86 /* Release */,
			);
			defaultConfigurationIsVisible = 0;
			defaultConfigurationName = Release;
		};
		4F1487AE2C99FBB900146C86 /* Build configuration list for PBXNativeTarget "Thank You!UITests" */ = {
			isa = XCConfigurationList;
			buildConfigurations = (
				4F1487AF2C99FBB900146C86 /* Debug */,
				4F1487B02C99FBB900146C86 /* Release */,
			);
			defaultConfigurationIsVisible = 0;
			defaultConfigurationName = Release;
		};
/* End XCConfigurationList section */

/* Begin XCRemoteSwiftPackageReference section */
		4F1487B12C9A0C3C00146C86 /* XCRemoteSwiftPackageReference "firebase-ios-sdk" */ = {
			isa = XCRemoteSwiftPackageReference;
			repositoryURL = "https://github.com/firebase/firebase-ios-sdk";
			requirement = {
				kind = upToNextMajorVersion;
				minimumVersion = 11.2.0;
			};
		};
/* End XCRemoteSwiftPackageReference section */

/* Begin XCSwiftPackageProductDependency section */
		4F1487B42C9A158100146C86 /* FirebaseAnalytics */ = {
			isa = XCSwiftPackageProductDependency;
			package = 4F1487B12C9A0C3C00146C86 /* XCRemoteSwiftPackageReference "firebase-ios-sdk" */;
			productName = FirebaseAnalytics;
		};
		4F1487B62C9A158100146C86 /* FirebaseAnalyticsOnDeviceConversion */ = {
			isa = XCSwiftPackageProductDependency;
			package = 4F1487B12C9A0C3C00146C86 /* XCRemoteSwiftPackageReference "firebase-ios-sdk" */;
			productName = FirebaseAnalyticsOnDeviceConversion;
		};
		4F1487B82C9A158100146C86 /* FirebaseAnalyticsWithoutAdIdSupport */ = {
			isa = XCSwiftPackageProductDependency;
			package = 4F1487B12C9A0C3C00146C86 /* XCRemoteSwiftPackageReference "firebase-ios-sdk" */;
			productName = FirebaseAnalyticsWithoutAdIdSupport;
		};
		4F1487BA2C9A158100146C86 /* FirebaseAppCheck */ = {
			isa = XCSwiftPackageProductDependency;
			package = 4F1487B12C9A0C3C00146C86 /* XCRemoteSwiftPackageReference "firebase-ios-sdk" */;
			productName = FirebaseAppCheck;
		};
		4F1487BC2C9A158100146C86 /* FirebaseAppDistribution-Beta */ = {
			isa = XCSwiftPackageProductDependency;
			package = 4F1487B12C9A0C3C00146C86 /* XCRemoteSwiftPackageReference "firebase-ios-sdk" */;
			productName = "FirebaseAppDistribution-Beta";
		};
		4F1487BE2C9A158100146C86 /* FirebaseAuth */ = {
			isa = XCSwiftPackageProductDependency;
			package = 4F1487B12C9A0C3C00146C86 /* XCRemoteSwiftPackageReference "firebase-ios-sdk" */;
			productName = FirebaseAuth;
		};
		4F1487C02C9A158100146C86 /* FirebaseAuthCombine-Community */ = {
			isa = XCSwiftPackageProductDependency;
			package = 4F1487B12C9A0C3C00146C86 /* XCRemoteSwiftPackageReference "firebase-ios-sdk" */;
			productName = "FirebaseAuthCombine-Community";
		};
		4F1487C22C9A158100146C86 /* FirebaseCrashlytics */ = {
			isa = XCSwiftPackageProductDependency;
			package = 4F1487B12C9A0C3C00146C86 /* XCRemoteSwiftPackageReference "firebase-ios-sdk" */;
			productName = FirebaseCrashlytics;
		};
		4F1487C42C9A158100146C86 /* FirebaseDatabase */ = {
			isa = XCSwiftPackageProductDependency;
			package = 4F1487B12C9A0C3C00146C86 /* XCRemoteSwiftPackageReference "firebase-ios-sdk" */;
			productName = FirebaseDatabase;
		};
		4F1487C62C9A158100146C86 /* FirebaseDynamicLinks */ = {
			isa = XCSwiftPackageProductDependency;
			package = 4F1487B12C9A0C3C00146C86 /* XCRemoteSwiftPackageReference "firebase-ios-sdk" */;
			productName = FirebaseDynamicLinks;
		};
		4F1487C82C9A158100146C86 /* FirebaseFirestore */ = {
			isa = XCSwiftPackageProductDependency;
			package = 4F1487B12C9A0C3C00146C86 /* XCRemoteSwiftPackageReference "firebase-ios-sdk" */;
			productName = FirebaseFirestore;
		};
		4F1487CA2C9A158100146C86 /* FirebaseFirestoreCombine-Community */ = {
			isa = XCSwiftPackageProductDependency;
			package = 4F1487B12C9A0C3C00146C86 /* XCRemoteSwiftPackageReference "firebase-ios-sdk" */;
			productName = "FirebaseFirestoreCombine-Community";
		};
		4F1487CC2C9A158100146C86 /* FirebaseFunctions */ = {
			isa = XCSwiftPackageProductDependency;
			package = 4F1487B12C9A0C3C00146C86 /* XCRemoteSwiftPackageReference "firebase-ios-sdk" */;
			productName = FirebaseFunctions;
		};
		4F1487CE2C9A158100146C86 /* FirebaseFunctionsCombine-Community */ = {
			isa = XCSwiftPackageProductDependency;
			package = 4F1487B12C9A0C3C00146C86 /* XCRemoteSwiftPackageReference "firebase-ios-sdk" */;
			productName = "FirebaseFunctionsCombine-Community";
		};
		4F1487D02C9A158100146C86 /* FirebaseInAppMessaging-Beta */ = {
			isa = XCSwiftPackageProductDependency;
			package = 4F1487B12C9A0C3C00146C86 /* XCRemoteSwiftPackageReference "firebase-ios-sdk" */;
			productName = "FirebaseInAppMessaging-Beta";
		};
		4F1487D22C9A158100146C86 /* FirebaseInstallations */ = {
			isa = XCSwiftPackageProductDependency;
			package = 4F1487B12C9A0C3C00146C86 /* XCRemoteSwiftPackageReference "firebase-ios-sdk" */;
			productName = FirebaseInstallations;
		};
		4F1487D42C9A158100146C86 /* FirebaseMLModelDownloader */ = {
			isa = XCSwiftPackageProductDependency;
			package = 4F1487B12C9A0C3C00146C86 /* XCRemoteSwiftPackageReference "firebase-ios-sdk" */;
			productName = FirebaseMLModelDownloader;
		};
		4F1487D62C9A158100146C86 /* FirebaseMessaging */ = {
			isa = XCSwiftPackageProductDependency;
			package = 4F1487B12C9A0C3C00146C86 /* XCRemoteSwiftPackageReference "firebase-ios-sdk" */;
			productName = FirebaseMessaging;
		};
		4F1487D82C9A158100146C86 /* FirebasePerformance */ = {
			isa = XCSwiftPackageProductDependency;
			package = 4F1487B12C9A0C3C00146C86 /* XCRemoteSwiftPackageReference "firebase-ios-sdk" */;
			productName = FirebasePerformance;
		};
/* End XCSwiftPackageProductDependency section */
	};
	rootObject = 4F14877C2C99FBB800146C86 /* Project object */;
}
