// !$*UTF8*$!
{
	archiveVersion = 1;
	classes = {
	};
	objectVersion = 56;
	objects = {

/* Begin PBXBuildFile section */
		4F1487882C99FBB800146C86 /* Thank_You_App.swift in Sources */ = {isa = PBXBuildFile; fileRef = 4F1487872C99FBB800146C86 /* Thank_You_App.swift */; };
		4F14878A2C99FBB800146C86 /* ContentView.swift in Sources */ = {isa = PBXBuildFile; fileRef = 4F1487892C99FBB800146C86 /* ContentView.swift */; };
		4F14878C2C99FBB900146C86 /* Assets.xcassets in Resources */ = {isa = PBXBuildFile; fileRef = 4F14878B2C99FBB900146C86 /* Assets.xcassets */; };
		4F14878F2C99FBB900146C86 /* Preview Assets.xcassets in Resources */ = {isa = PBXBuildFile; fileRef = 4F14878E2C99FBB900146C86 /* Preview Assets.xcassets */; };
		4F1487992C99FBB900146C86 /* Thank_You_Tests.swift in Sources */ = {isa = PBXBuildFile; fileRef = 4F1487982C99FBB900146C86 /* Thank_You_Tests.swift */; };
		4F1487A32C99FBB900146C86 /* Thank_You_UITests.swift in Sources */ = {isa = PBXBuildFile; fileRef = 4F1487A22C99FBB900146C86 /* Thank_You_UITests.swift */; };
		4F1487A52C99FBB900146C86 /* Thank_You_UITestsLaunchTests.swift in Sources */ = {isa = PBXBuildFile; fileRef = 4F1487A42C99FBB900146C86 /* Thank_You_UITestsLaunchTests.swift */; };
/* End PBXBuildFile section */

/* Begin PBXContainerItemProxy section */
		4F1487952C99FBB900146C86 /* PBXContainerItemProxy */ = {
			isa = PBXContainerItemProxy;
			containerPortal = 4F14877C2C99FBB800146C86 /* Project object */;
			proxyType = 1;
			remoteGlobalIDString = 4F1487832C99FBB800146C86;
			remoteInfo = "Thank You!";
		};
		4F14879F2C99FBB900146C86 /* PBXContainerItemProxy */ = {
			isa = PBXContainerItemProxy;
			containerPortal = 4F14877C2C99FBB800146C86 /* Project object */;
			proxyType = 1;
			remoteGlobalIDString = 4F1487832C99FBB800146C86;
			remoteInfo = "Thank You!";
		};
/* End PBXContainerItemProxy section */

/* Begin PBXFileReference section */
		4F1487842C99FBB800146C86 /* Thank You!.app */ = {isa = PBXFileReference; explicitFileType = wrapper.application; includeInIndex = 0; path = "Thank You!.app"; sourceTree = BUILT_PRODUCTS_DIR; };
		4F1487872C99FBB800146C86 /* Thank_You_App.swift */ = {isa = PBXFileReference; lastKnownFileType = sourcecode.swift; path = Thank_You_App.swift; sourceTree = "<group>"; };
		4F1487892C99FBB800146C86 /* ContentView.swift */ = {isa = PBXFileReference; lastKnownFileType = sourcecode.swift; path = ContentView.swift; sourceTree = "<group>"; };
		4F14878B2C99FBB900146C86 /* Assets.xcassets */ = {isa = PBXFileReference; lastKnownFileType = folder.assetcatalog; path = Assets.xcassets; sourceTree = "<group>"; };
		4F14878E2C99FBB900146C86 /* Preview Assets.xcassets */ = {isa = PBXFileReference; lastKnownFileType = folder.assetcatalog; path = "Preview Assets.xcassets"; sourceTree = "<group>"; };
		4F1487942C99FBB900146C86 /* Thank You!Tests.xctest */ = {isa = PBXFileReference; explicitFileType = wrapper.cfbundle; includeInIndex = 0; path = "Thank You!Tests.xctest"; sourceTree = BUILT_PRODUCTS_DIR; };
		4F1487982C99FBB900146C86 /* Thank_You_Tests.swift */ = {isa = PBXFileReference; lastKnownFileType = sourcecode.swift; path = Thank_You_Tests.swift; sourceTree = "<group>"; };
		4F14879E2C99FBB900146C86 /* Thank You!UITests.xctest */ = {isa = PBXFileReference; explicitFileType = wrapper.cfbundle; includeInIndex = 0; path = "Thank You!UITests.xctest"; sourceTree = BUILT_PRODUCTS_DIR; };
		4F1487A22C99FBB900146C86 /* Thank_You_UITests.swift */ = {isa = PBXFileReference; lastKnownFileType = sourcecode.swift; path = Thank_You_UITests.swift; sourceTree = "<group>"; };
		4F1487A42C99FBB900146C86 /* Thank_You_UITestsLaunchTests.swift */ = {isa = PBXFileReference; lastKnownFileType = sourcecode.swift; path = Thank_You_UITestsLaunchTests.swift; sourceTree = "<group>"; };
/* End PBXFileReference section */

/* Begin PBXFrameworksBuildPhase section */
		4F1487812C99FBB800146C86 /* Frameworks */ = {
			isa = PBXFrameworksBuildPhase;
			buildActionMask = 2147483647;
			files = (
			);
			runOnlyForDeploymentPostprocessing = 0;
		};
		4F1487912C99FBB900146C86 /* Frameworks */ = {
			isa = PBXFrameworksBuildPhase;
			buildActionMask = 2147483647;
			files = (
			);
			runOnlyForDeploymentPostprocessing = 0;
		};
		4F14879B2C99FBB900146C86 /* Frameworks */ = {
			isa = PBXFrameworksBuildPhase;
			buildActionMask = 2147483647;
			files = (
			);
			runOnlyForDeploymentPostprocessing = 0;
		};
/* End PBXFrameworksBuildPhase section */

/* Begin PBXGroup section */
		4F14877B2C99FBB800146C86 = {
			isa = PBXGroup;
			children = (
				4F1487862C99FBB800146C86 /* Thank You! */,
				4F1487972C99FBB900146C86 /* Thank You!Tests */,
				4F1487A12C99FBB900146C86 /* Thank You!UITests */,
				4F1487852C99FBB800146C86 /* Products */,
			);
			sourceTree = "<group>";
		};
		4F1487852C99FBB800146C86 /* Products */ = {
			isa = PBXGroup;
			children = (
				4F1487842C99FBB800146C86 /* Thank You!.app */,
				4F1487942C99FBB900146C86 /* Thank You!Tests.xctest */,
				4F14879E2C99FBB900146C86 /* Thank You!UITests.xctest */,
			);
			name = Products;
			sourceTree = "<group>";
		};
		4F1487862C99FBB800146C86 /* Thank You! */ = {
			isa = PBXGroup;
			children = (
				4F1487872C99FBB800146C86 /* Thank_You_App.swift */,
				4F1487892C99FBB800146C86 /* ContentView.swift */,
				4F14878B2C99FBB900146C86 /* Assets.xcassets */,
				4F14878D2C99FBB900146C86 /* Preview Content */,
			);
			path = "Thank You!";
			sourceTree = "<group>";
		};
		4F14878D2C99FBB900146C86 /* Preview Content */ = {
			isa = PBXGroup;
			children = (
				4F14878E2C99FBB900146C86 /* Preview Assets.xcassets */,
			);
			path = "Preview Content";
			sourceTree = "<group>";
		};
		4F1487972C99FBB900146C86 /* Thank You!Tests */ = {
			isa = PBXGroup;
			children = (
				4F1487982C99FBB900146C86 /* Thank_You_Tests.swift */,
			);
			path = "Thank You!Tests";
			sourceTree = "<group>";
		};
		4F1487A12C99FBB900146C86 /* Thank You!UITests */ = {
			isa = PBXGroup;
			children = (
				4F1487A22C99FBB900146C86 /* Thank_You_UITests.swift */,
				4F1487A42C99FBB900146C86 /* Thank_You_UITestsLaunchTests.swift */,
			);
			path = "Thank You!UITests";
			sourceTree = "<group>";
		};
/* End PBXGroup section */

/* Begin PBXNativeTarget section */
		4F1487832C99FBB800146C86 /* Thank You! */ = {
			isa = PBXNativeTarget;
			buildConfigurationList = 4F1487A82C99FBB900146C86 /* Build configuration list for PBXNativeTarget "Thank You!" */;
			buildPhases = (
				4F1487802C99FBB800146C86 /* Sources */,
				4F1487812C99FBB800146C86 /* Frameworks */,
				4F1487822C99FBB800146C86 /* Resources */,
			);
			buildRules = (
			);
			dependencies = (
			);
			name = "Thank You!";
			productName = "Thank You!";
			productReference = 4F1487842C99FBB800146C86 /* Thank You!.app */;
			productType = "com.apple.product-type.application";
		};
		4F1487932C99FBB900146C86 /* Thank You!Tests */ = {
			isa = PBXNativeTarget;
			buildConfigurationList = 4F1487AB2C99FBB900146C86 /* Build configuration list for PBXNativeTarget "Thank You!Tests" */;
			buildPhases = (
				4F1487902C99FBB900146C86 /* Sources */,
				4F1487912C99FBB900146C86 /* Frameworks */,
				4F1487922C99FBB900146C86 /* Resources */,
			);
			buildRules = (
			);
			dependencies = (
				4F1487962C99FBB900146C86 /* PBXTargetDependency */,
			);
			name = "Thank You!Tests";
			productName = "Thank You!Tests";
			productReference = 4F1487942C99FBB900146C86 /* Thank You!Tests.xctest */;
			productType = "com.apple.product-type.bundle.unit-test";
		};
		4F14879D2C99FBB900146C86 /* Thank You!UITests */ = {
			isa = PBXNativeTarget;
			buildConfigurationList = 4F1487AE2C99FBB900146C86 /* Build configuration list for PBXNativeTarget "Thank You!UITests" */;
			buildPhases = (
				4F14879A2C99FBB900146C86 /* Sources */,
				4F14879B2C99FBB900146C86 /* Frameworks */,
				4F14879C2C99FBB900146C86 /* Resources */,
			);
			buildRules = (
			);
			dependencies = (
				4F1487A02C99FBB900146C86 /* PBXTargetDependency */,
			);
			name = "Thank You!UITests";
			productName = "Thank You!UITests";
			productReference = 4F14879E2C99FBB900146C86 /* Thank You!UITests.xctest */;
			productType = "com.apple.product-type.bundle.ui-testing";
		};
/* End PBXNativeTarget section */

/* Begin PBXProject section */
		4F14877C2C99FBB800146C86 /* Project object */ = {
			isa = PBXProject;
			attributes = {
				BuildIndependentTargetsInParallel = 1;
				LastSwiftUpdateCheck = 1540;
				LastUpgradeCheck = 1540;
				TargetAttributes = {
					4F1487832C99FBB800146C86 = {
						CreatedOnToolsVersion = 15.4;
					};
					4F1487932C99FBB900146C86 = {
						CreatedOnToolsVersion = 15.4;
						TestTargetID = 4F1487832C99FBB800146C86;
					};
					4F14879D2C99FBB900146C86 = {
						CreatedOnToolsVersion = 15.4;
						TestTargetID = 4F1487832C99FBB800146C86;
					};
				};
			};
			buildConfigurationList = 4F14877F2C99FBB800146C86 /* Build configuration list for PBXProject "Thank You!" */;
			compatibilityVersion = "Xcode 14.0";
			developmentRegion = en;
			hasScannedForEncodings = 0;
			knownRegions = (
				en,
				Base,
			);
			mainGroup = 4F14877B2C99FBB800146C86;
			productRefGroup = 4F1487852C99FBB800146C86 /* Products */;
			projectDirPath = "";
			projectRoot = "";
			targets = (
				4F1487832C99FBB800146C86 /* Thank You! */,
				4F1487932C99FBB900146C86 /* Thank You!Tests */,
				4F14879D2C99FBB900146C86 /* Thank You!UITests */,
			);
		};
/* End PBXProject section */

/* Begin PBXResourcesBuildPhase section */
		4F1487822C99FBB800146C86 /* Resources */ = {
			isa = PBXResourcesBuildPhase;
			buildActionMask = 2147483647;
			files = (
				4F14878F2C99FBB900146C86 /* Preview Assets.xcassets in Resources */,
				4F14878C2C99FBB900146C86 /* Assets.xcassets in Resources */,
			);
			runOnlyForDeploymentPostprocessing = 0;
		};
		4F1487922C99FBB900146C86 /* Resources */ = {
			isa = PBXResourcesBuildPhase;
			buildActionMask = 2147483647;
			files = (
			);
			runOnlyForDeploymentPostprocessing = 0;
		};
		4F14879C2C99FBB900146C86 /* Resources */ = {
			isa = PBXResourcesBuildPhase;
			buildActionMask = 2147483647;
			files = (
			);
			runOnlyForDeploymentPostprocessing = 0;
		};
/* End PBXResourcesBuildPhase section */

/* Begin PBXSourcesBuildPhase section */
		4F1487802C99FBB800146C86 /* Sources */ = {
			isa = PBXSourcesBuildPhase;
			buildActionMask = 2147483647;
			files = (
				4F14878A2C99FBB800146C86 /* ContentView.swift in Sources */,
				4F1487882C99FBB800146C86 /* Thank_You_App.swift in Sources */,
			);
			runOnlyForDeploymentPostprocessing = 0;
		};
		4F1487902C99FBB900146C86 /* Sources */ = {
			isa = PBXSourcesBuildPhase;
			buildActionMask = 2147483647;
			files = (
				4F1487992C99FBB900146C86 /* Thank_You_Tests.swift in Sources */,
			);
			runOnlyForDeploymentPostprocessing = 0;
		};
		4F14879A2C99FBB900146C86 /* Sources */ = {
			isa = PBXSourcesBuildPhase;
			buildActionMask = 2147483647;
			files = (
				4F1487A32C99FBB900146C86 /* Thank_You_UITests.swift in Sources */,
				4F1487A52C99FBB900146C86 /* Thank_You_UITestsLaunchTests.swift in Sources */,
			);
			runOnlyForDeploymentPostprocessing = 0;
		};
/* End PBXSourcesBuildPhase section */

/* Begin PBXTargetDependency section */
		4F1487962C99FBB900146C86 /* PBXTargetDependency */ = {
			isa = PBXTargetDependency;
			target = 4F1487832C99FBB800146C86 /* Thank You! */;
			targetProxy = 4F1487952C99FBB900146C86 /* PBXContainerItemProxy */;
		};
		4F1487A02C99FBB900146C86 /* PBXTargetDependency */ = {
			isa = PBXTargetDependency;
			target = 4F1487832C99FBB800146C86 /* Thank You! */;
			targetProxy = 4F14879F2C99FBB900146C86 /* PBXContainerItemProxy */;
		};
/* End PBXTargetDependency section */

/* Begin XCBuildConfiguration section */
		4F1487A62C99FBB900146C86 /* Debug */ = {
			isa = XCBuildConfiguration;
			buildSettings = {
				ALWAYS_SEARCH_USER_PATHS = NO;
				ASSETCATALOG_COMPILER_GENERATE_SWIFT_ASSET_SYMBOL_EXTENSIONS = YES;
				CLANG_ANALYZER_NONNULL = YES;
				CLANG_ANALYZER_NUMBER_OBJECT_CONVERSION = YES_AGGRESSIVE;
				CLANG_CXX_LANGUAGE_STANDARD = "gnu++20";
				CLANG_ENABLE_MODULES = YES;
				CLANG_ENABLE_OBJC_ARC = YES;
				CLANG_ENABLE_OBJC_WEAK = YES;
				CLANG_WARN_BLOCK_CAPTURE_AUTORELEASING = YES;
				CLANG_WARN_BOOL_CONVERSION = YES;
				CLANG_WARN_COMMA = YES;
				CLANG_WARN_CONSTANT_CONVERSION = YES;
				CLANG_WARN_DEPRECATED_OBJC_IMPLEMENTATIONS = YES;
				CLANG_WARN_DIRECT_OBJC_ISA_USAGE = YES_ERROR;
				CLANG_WARN_DOCUMENTATION_COMMENTS = YES;
				CLANG_WARN_EMPTY_BODY = YES;
				CLANG_WARN_ENUM_CONVERSION = YES;
				CLANG_WARN_INFINITE_RECURSION = YES;
				CLANG_WARN_INT_CONVERSION = YES;
				CLANG_WARN_NON_LITERAL_NULL_CONVERSION = YES;
				CLANG_WARN_OBJC_IMPLICIT_RETAIN_SELF = YES;
				CLANG_WARN_OBJC_LITERAL_CONVERSION = YES;
				CLANG_WARN_OBJC_ROOT_CLASS = YES_ERROR;
				CLANG_WARN_QUOTED_INCLUDE_IN_FRAMEWORK_HEADER = YES;
				CLANG_WARN_RANGE_LOOP_ANALYSIS = YES;
				CLANG_WARN_STRICT_PROTOTYPES = YES;
				CLANG_WARN_SUSPICIOUS_MOVE = YES;
				CLANG_WARN_UNGUARDED_AVAILABILITY = YES_AGGRESSIVE;
				CLANG_WARN_UNREACHABLE_CODE = YES;
				CLANG_WARN__DUPLICATE_METHOD_MATCH = YES;
				COPY_PHASE_STRIP = NO;
				DEBUG_INFORMATION_FORMAT = dwarf;
				ENABLE_STRICT_OBJC_MSGSEND = YES;
				ENABLE_TESTABILITY = YES;
				ENABLE_USER_SCRIPT_SANDBOXING = YES;
				GCC_C_LANGUAGE_STANDARD = gnu17;
				GCC_DYNAMIC_NO_PIC = NO;
				GCC_NO_COMMON_BLOCKS = YES;
				GCC_OPTIMIZATION_LEVEL = 0;
				GCC_PREPROCESSOR_DEFINITIONS = (
					"DEBUG=1",
					"$(inherited)",
				);
				GCC_WARN_64_TO_32_BIT_CONVERSION = YES;
				GCC_WARN_ABOUT_RETURN_TYPE = YES_ERROR;
				GCC_WARN_UNDECLARED_SELECTOR = YES;
				GCC_WARN_UNINITIALIZED_AUTOS = YES_AGGRESSIVE;
				GCC_WARN_UNUSED_FUNCTION = YES;
				GCC_WARN_UNUSED_VARIABLE = YES;
				IPHONEOS_DEPLOYMENT_TARGET = 17.5;
				LOCALIZATION_PREFERS_STRING_CATALOGS = YES;
				MTL_ENABLE_DEBUG_INFO = INCLUDE_SOURCE;
				MTL_FAST_MATH = YES;
				ONLY_ACTIVE_ARCH = YES;
				SDKROOT = iphoneos;
				SWIFT_ACTIVE_COMPILATION_CONDITIONS = "DEBUG $(inherited)";
				SWIFT_OPTIMIZATION_LEVEL = "-Onone";
			};
			name = Debug;
		};
		4F1487A72C99FBB900146C86 /* Release */ = {
			isa = XCBuildConfiguration;
			buildSettings = {
				ALWAYS_SEARCH_USER_PATHS = NO;
				ASSETCATALOG_COMPILER_GENERATE_SWIFT_ASSET_SYMBOL_EXTENSIONS = YES;
				CLANG_ANALYZER_NONNULL = YES;
				CLANG_ANALYZER_NUMBER_OBJECT_CONVERSION = YES_AGGRESSIVE;
				CLANG_CXX_LANGUAGE_STANDARD = "gnu++20";
				CLANG_ENABLE_MODULES = YES;
				CLANG_ENABLE_OBJC_ARC = YES;
				CLANG_ENABLE_OBJC_WEAK = YES;
				CLANG_WARN_BLOCK_CAPTURE_AUTORELEASING = YES;
				CLANG_WARN_BOOL_CONVERSION = YES;
				CLANG_WARN_COMMA = YES;
				CLANG_WARN_CONSTANT_CONVERSION = YES;
				CLANG_WARN_DEPRECATED_OBJC_IMPLEMENTATIONS = YES;
				CLANG_WARN_DIRECT_OBJC_ISA_USAGE = YES_ERROR;
				CLANG_WARN_DOCUMENTATION_COMMENTS = YES;
				CLANG_WARN_EMPTY_BODY = YES;
				CLANG_WARN_ENUM_CONVERSION = YES;
				CLANG_WARN_INFINITE_RECURSION = YES;
				CLANG_WARN_INT_CONVERSION = YES;
				CLANG_WARN_NON_LITERAL_NULL_CONVERSION = YES;
				CLANG_WARN_OBJC_IMPLICIT_RETAIN_SELF = YES;
				CLANG_WARN_OBJC_LITERAL_CONVERSION = YES;
				CLANG_WARN_OBJC_ROOT_CLASS = YES_ERROR;
				CLANG_WARN_QUOTED_INCLUDE_IN_FRAMEWORK_HEADER = YES;
				CLANG_WARN_RANGE_LOOP_ANALYSIS = YES;
				CLANG_WARN_STRICT_PROTOTYPES = YES;
				CLANG_WARN_SUSPICIOUS_MOVE = YES;
				CLANG_WARN_UNGUARDED_AVAILABILITY = YES_AGGRESSIVE;
				CLANG_WARN_UNREACHABLE_CODE = YES;
				CLANG_WARN__DUPLICATE_METHOD_MATCH = YES;
				COPY_PHASE_STRIP = NO;
				DEBUG_INFORMATION_FORMAT = "dwarf-with-dsym";
				ENABLE_NS_ASSERTIONS = NO;
				ENABLE_STRICT_OBJC_MSGSEND = YES;
				ENABLE_USER_SCRIPT_SANDBOXING = YES;
				GCC_C_LANGUAGE_STANDARD = gnu17;
				GCC_NO_COMMON_BLOCKS = YES;
				GCC_WARN_64_TO_32_BIT_CONVERSION = YES;
				GCC_WARN_ABOUT_RETURN_TYPE = YES_ERROR;
				GCC_WARN_UNDECLARED_SELECTOR = YES;
				GCC_WARN_UNINITIALIZED_AUTOS = YES_AGGRESSIVE;
				GCC_WARN_UNUSED_FUNCTION = YES;
				GCC_WARN_UNUSED_VARIABLE = YES;
				IPHONEOS_DEPLOYMENT_TARGET = 17.5;
				LOCALIZATION_PREFERS_STRING_CATALOGS = YES;
				MTL_ENABLE_DEBUG_INFO = NO;
				MTL_FAST_MATH = YES;
				SDKROOT = iphoneos;
				SWIFT_COMPILATION_MODE = wholemodule;
				VALIDATE_PRODUCT = YES;
			};
			name = Release;
		};
		4F1487A92C99FBB900146C86 /* Debug */ = {
			isa = XCBuildConfiguration;
			buildSettings = {
				ASSETCATALOG_COMPILER_APPICON_NAME = AppIcon;
				ASSETCATALOG_COMPILER_GLOBAL_ACCENT_COLOR_NAME = AccentColor;
				CODE_SIGN_STYLE = Automatic;
				CURRENT_PROJECT_VERSION = 1;
				DEVELOPMENT_ASSET_PATHS = "\"Thank You!/Preview Content\"";
				ENABLE_PREVIEWS = YES;
				GENERATE_INFOPLIST_FILE = YES;
				INFOPLIST_KEY_UIApplicationSceneManifest_Generation = YES;
				INFOPLIST_KEY_UIApplicationSupportsIndirectInputEvents = YES;
				INFOPLIST_KEY_UILaunchScreen_Generation = YES;
				INFOPLIST_KEY_UISupportedInterfaceOrientations_iPad = "UIInterfaceOrientationPortrait UIInterfaceOrientationPortraitUpsideDown UIInterfaceOrientationLandscapeLeft UIInterfaceOrientationLandscapeRight";
				INFOPLIST_KEY_UISupportedInterfaceOrientations_iPhone = "UIInterfaceOrientationPortrait UIInterfaceOrientationLandscapeLeft UIInterfaceOrientationLandscapeRight";
				LD_RUNPATH_SEARCH_PATHS = (
					"$(inherited)",
					"@executable_path/Frameworks",
				);
				MARKETING_VERSION = 1.0;
				PRODUCT_BUNDLE_IDENTIFIER = "App.Thank-You-";
				PRODUCT_NAME = "$(TARGET_NAME)";
				SWIFT_EMIT_LOC_STRINGS = YES;
				SWIFT_VERSION = 5.0;
				TARGETED_DEVICE_FAMILY = "1,2";
			};
			name = Debug;
		};
		4F1487AA2C99FBB900146C86 /* Release */ = {
			isa = XCBuildConfiguration;
			buildSettings = {
				ASSETCATALOG_COMPILER_APPICON_NAME = AppIcon;
				ASSETCATALOG_COMPILER_GLOBAL_ACCENT_COLOR_NAME = AccentColor;
				CODE_SIGN_STYLE = Automatic;
				CURRENT_PROJECT_VERSION = 1;
				DEVELOPMENT_ASSET_PATHS = "\"Thank You!/Preview Content\"";
				ENABLE_PREVIEWS = YES;
				GENERATE_INFOPLIST_FILE = YES;
				INFOPLIST_KEY_UIApplicationSceneManifest_Generation = YES;
				INFOPLIST_KEY_UIApplicationSupportsIndirectInputEvents = YES;
				INFOPLIST_KEY_UILaunchScreen_Generation = YES;
				INFOPLIST_KEY_UISupportedInterfaceOrientations_iPad = "UIInterfaceOrientationPortrait UIInterfaceOrientationPortraitUpsideDown UIInterfaceOrientationLandscapeLeft UIInterfaceOrientationLandscapeRight";
				INFOPLIST_KEY_UISupportedInterfaceOrientations_iPhone = "UIInterfaceOrientationPortrait UIInterfaceOrientationLandscapeLeft UIInterfaceOrientationLandscapeRight";
				LD_RUNPATH_SEARCH_PATHS = (
					"$(inherited)",
					"@executable_path/Frameworks",
				);
				MARKETING_VERSION = 1.0;
				PRODUCT_BUNDLE_IDENTIFIER = "App.Thank-You-";
				PRODUCT_NAME = "$(TARGET_NAME)";
				SWIFT_EMIT_LOC_STRINGS = YES;
				SWIFT_VERSION = 5.0;
				TARGETED_DEVICE_FAMILY = "1,2";
			};
			name = Release;
		};
		4F1487AC2C99FBB900146C86 /* Debug */ = {
			isa = XCBuildConfiguration;
			buildSettings = {
				ALWAYS_EMBED_SWIFT_STANDARD_LIBRARIES = YES;
				BUNDLE_LOADER = "$(TEST_HOST)";
				CODE_SIGN_STYLE = Automatic;
				CURRENT_PROJECT_VERSION = 1;
				GENERATE_INFOPLIST_FILE = YES;
				IPHONEOS_DEPLOYMENT_TARGET = 17.5;
				MARKETING_VERSION = 1.0;
				PRODUCT_BUNDLE_IDENTIFIER = "App.Thank-You-Tests";
				PRODUCT_NAME = "$(TARGET_NAME)";
				SWIFT_EMIT_LOC_STRINGS = NO;
				SWIFT_VERSION = 5.0;
				TARGETED_DEVICE_FAMILY = "1,2";
				TEST_HOST = "$(BUILT_PRODUCTS_DIR)/Thank You!.app/$(BUNDLE_EXECUTABLE_FOLDER_PATH)/Thank You!";
			};
			name = Debug;
		};
		4F1487AD2C99FBB900146C86 /* Release */ = {
			isa = XCBuildConfiguration;
			buildSettings = {
				ALWAYS_EMBED_SWIFT_STANDARD_LIBRARIES = YES;
				BUNDLE_LOADER = "$(TEST_HOST)";
				CODE_SIGN_STYLE = Automatic;
				CURRENT_PROJECT_VERSION = 1;
				GENERATE_INFOPLIST_FILE = YES;
				IPHONEOS_DEPLOYMENT_TARGET = 17.5;
				MARKETING_VERSION = 1.0;
				PRODUCT_BUNDLE_IDENTIFIER = "App.Thank-You-Tests";
				PRODUCT_NAME = "$(TARGET_NAME)";
				SWIFT_EMIT_LOC_STRINGS = NO;
				SWIFT_VERSION = 5.0;
				TARGETED_DEVICE_FAMILY = "1,2";
				TEST_HOST = "$(BUILT_PRODUCTS_DIR)/Thank You!.app/$(BUNDLE_EXECUTABLE_FOLDER_PATH)/Thank You!";
			};
			name = Release;
		};
		4F1487AF2C99FBB900146C86 /* Debug */ = {
			isa = XCBuildConfiguration;
			buildSettings = {
				ALWAYS_EMBED_SWIFT_STANDARD_LIBRARIES = YES;
				CODE_SIGN_STYLE = Automatic;
				CURRENT_PROJECT_VERSION = 1;
				GENERATE_INFOPLIST_FILE = YES;
				MARKETING_VERSION = 1.0;
				PRODUCT_BUNDLE_IDENTIFIER = "App.Thank-You-UITests";
				PRODUCT_NAME = "$(TARGET_NAME)";
				SWIFT_EMIT_LOC_STRINGS = NO;
				SWIFT_VERSION = 5.0;
				TARGETED_DEVICE_FAMILY = "1,2";
				TEST_TARGET_NAME = "Thank You!";
			};
			name = Debug;
		};
		4F1487B02C99FBB900146C86 /* Release */ = {
			isa = XCBuildConfiguration;
			buildSettings = {
				ALWAYS_EMBED_SWIFT_STANDARD_LIBRARIES = YES;
				CODE_SIGN_STYLE = Automatic;
				CURRENT_PROJECT_VERSION = 1;
				GENERATE_INFOPLIST_FILE = YES;
				MARKETING_VERSION = 1.0;
				PRODUCT_BUNDLE_IDENTIFIER = "App.Thank-You-UITests";
				PRODUCT_NAME = "$(TARGET_NAME)";
				SWIFT_EMIT_LOC_STRINGS = NO;
				SWIFT_VERSION = 5.0;
				TARGETED_DEVICE_FAMILY = "1,2";
				TEST_TARGET_NAME = "Thank You!";
			};
			name = Release;
		};
/* End XCBuildConfiguration section */

/* Begin XCConfigurationList section */
		4F14877F2C99FBB800146C86 /* Build configuration list for PBXProject "Thank You!" */ = {
			isa = XCConfigurationList;
			buildConfigurations = (
				4F1487A62C99FBB900146C86 /* Debug */,
				4F1487A72C99FBB900146C86 /* Release */,
			);
			defaultConfigurationIsVisible = 0;
			defaultConfigurationName = Release;
		};
		4F1487A82C99FBB900146C86 /* Build configuration list for PBXNativeTarget "Thank You!" */ = {
			isa = XCConfigurationList;
			buildConfigurations = (
				4F1487A92C99FBB900146C86 /* Debug */,
				4F1487AA2C99FBB900146C86 /* Release */,
			);
			defaultConfigurationIsVisible = 0;
			defaultConfigurationName = Release;
		};
		4F1487AB2C99FBB900146C86 /* Build configuration list for PBXNativeTarget "Thank You!Tests" */ = {
			isa = XCConfigurationList;
			buildConfigurations = (
				4F1487AC2C99FBB900146C86 /* Debug */,
				4F1487AD2C99FBB900146C86 /* Release */,
			);
			defaultConfigurationIsVisible = 0;
			defaultConfigurationName = Release;
		};
		4F1487AE2C99FBB900146C86 /* Build configuration list for PBXNativeTarget "Thank You!UITests" */ = {
			isa = XCConfigurationList;
			buildConfigurations = (
				4F1487AF2C99FBB900146C86 /* Debug */,
				4F1487B02C99FBB900146C86 /* Release */,
			);
			defaultConfigurationIsVisible = 0;
			defaultConfigurationName = Release;
		};
/* End XCConfigurationList section */
	};
	rootObject = 4F14877C2C99FBB800146C86 /* Project object */;
}
